
Microsoft Visual Studio Solution File, Format Version 12.00
# Visual Studio Version 17
VisualStudioVersion = 17.4.33213.308
MinimumVisualStudioVersion = 10.0.40219.1
Project("{FAE04EC0-301F-11D3-BF4B-00C04F79EFBC}") = "Lacuna.Genetics.Core", "Lacuna.Genetics.Core\Lacuna.Genetics.Core.csproj", "{236878C9-4833-44DB-87D2-A350C2A844E3}"
EndProject
Project("{FAE04EC0-301F-11D3-BF4B-00C04F79EFBC}") = "Lacuna.Genetics.Demo", "Lacuna.Genetics.Demo\Lacuna.Genetics.Demo.csproj", "{83DB6E6E-2CD1-41DE-8B8A-2E2C1FD071A7}"
EndProject
Project("{FAE04EC0-301F-11D3-BF4B-00C04F79EFBC}") = "Lacuna.Genetics.Tests", "..\tests\Lacuna.Genetics.Tests\Lacuna.Genetics.Tests.csproj", "{4A3F71F7-27D0-47B6-B13B-8F8AAF5B643E}"
EndProject
Global
	GlobalSection(SolutionConfigurationPlatforms) = preSolution
		Debug|Any CPU = Debug|Any CPU
		Release|Any CPU = Release|Any CPU
	EndGlobalSection
	GlobalSection(ProjectConfigurationPlatforms) = postSolution
		{236878C9-4833-44DB-87D2-A350C2A844E3}.Debug|Any CPU.ActiveCfg = Debug|Any CPU
		{236878C9-4833-44DB-87D2-A350C2A844E3}.Debug|Any CPU.Build.0 = Debug|Any CPU
		{236878C9-4833-44DB-87D2-A350C2A844E3}.Release|Any CPU.ActiveCfg = Release|Any CPU
		{236878C9-4833-44DB-87D2-A350C2A844E3}.Release|Any CPU.Build.0 = Release|Any CPU
		{83DB6E6E-2CD1-41DE-8B8A-2E2C1FD071A7}.Debug|Any CPU.ActiveCfg = Debug|Any CPU
		{83DB6E6E-2CD1-41DE-8B8A-2E2C1FD071A7}.Debug|Any CPU.Build.0 = Debug|Any CPU
		{83DB6E6E-2CD1-41DE-8B8A-2E2C1FD071A7}.Release|Any CPU.ActiveCfg = Release|Any CPU
		{83DB6E6E-2CD1-41DE-8B8A-2E2C1FD071A7}.Release|Any CPU.Build.0 = Release|Any CPU
		{4A3F71F7-27D0-47B6-B13B-8F8AAF5B643E}.Debug|Any CPU.ActiveCfg = Debug|Any CPU
		{4A3F71F7-27D0-47B6-B13B-8F8AAF5B643E}.Debug|Any CPU.Build.0 = Debug|Any CPU
		{4A3F71F7-27D0-47B6-B13B-8F8AAF5B643E}.Release|Any CPU.ActiveCfg = Release|Any CPU
		{4A3F71F7-27D0-47B6-B13B-8F8AAF5B643E}.Release|Any CPU.Build.0 = Release|Any CPU
	EndGlobalSection
	GlobalSection(SolutionProperties) = preSolution
		HideSolutionNode = FALSE
	EndGlobalSection
	GlobalSection(ExtensibilityGlobals) = postSolution
		SolutionGuid = {F614F9F5-A203-4FC9-8B74-29D4AF684472}
	EndGlobalSection
EndGlobal
